
Microsoft Visual Studio Solution File, Format Version 12.00
# Visual Studio Version 16
VisualStudioVersion = 16.0.31005.135
MinimumVisualStudioVersion = 10.0.40219.1
Project("{FAE04EC0-301F-11D3-BF4B-00C04F79EFBC}") = "Player", "Player.csproj", "{802241ED-A639-4794-89B3-23EE2B8325B5}"
EndProject
Global
	GlobalSection(SolutionConfigurationPlatforms) = preSolution
		Debug|Any CPU = Debug|Any CPU
		Release|Any CPU = Release|Any CPU
	EndGlobalSection
	GlobalSection(ProjectConfigurationPlatforms) = postSolution
		{802241ED-A639-4794-89B3-23EE2B8325B5}.Debug|Any CPU.ActiveCfg = Debug|Any CPU
		{802241ED-A639-4794-89B3-23EE2B8325B5}.Debug|Any CPU.Build.0 = Debug|Any CPU
		{802241ED-A639-4794-89B3-23EE2B8325B5}.Release|Any CPU.ActiveCfg = Release|Any CPU
		{802241ED-A639-4794-89B3-23EE2B8325B5}.Release|Any CPU.Build.0 = Release|Any CPU
	EndGlobalSection
	GlobalSection(SolutionProperties) = preSolution
		HideSolutionNode = FALSE
	EndGlobalSection
	GlobalSection(ExtensibilityGlobals) = postSolution
		SolutionGuid = {58285689-F93F-4378-8975-7904F0AF1180}
	EndGlobalSection
EndGlobal
